# This file is automatically @generated by Cargo.
# It is not intended for manual editing.
version = 3

[[package]]
name = "base64"
version = "0.9.0"
source = "registry+https://github.com/rust-lang/crates.io-index"
checksum = "229d032f1a99302697f10b27167ae6d03d49d032e6a8e2550e8d3fc13356d2b4"
dependencies = [
 "byteorder",
 "safemem",
]

[[package]]
name = "bitflags"
version = "1.0.1"
source = "registry+https://github.com/rust-lang/crates.io-index"
checksum = "b3c30d3802dfb7281680d6285f2ccdaa8c2d8fee41f93805dba5c4cf50dc23cf"

[[package]]
name = "byteorder"
version = "1.2.1"
source = "registry+https://github.com/rust-lang/crates.io-index"
checksum = "652805b7e73fada9d85e9a6682a4abd490cb52d96aeecc12e33a0de34dfd0d23"

[[package]]
name = "bytes"
version = "0.4.6"
source = "registry+https://github.com/rust-lang/crates.io-index"
checksum = "1b7db437d718977f6dc9b2e3fd6fc343c02ac6b899b73fdd2179163447bd9ce9"
dependencies = [
 "byteorder",
 "iovec",
]

[[package]]
name = "cfg-if"
version = "0.1.2"
source = "registry+https://github.com/rust-lang/crates.io-index"
checksum = "d4c819a1287eb618df47cc647173c5c4c66ba19d888a6e50d605672aed3140de"

[[package]]
name = "chrono"
version = "0.4.0"
source = "registry+https://github.com/rust-lang/crates.io-index"
checksum = "7c20ebe0b2b08b0aeddba49c609fe7957ba2e33449882cb186a180bc60682fa9"
dependencies = [
 "num",
 "time",
]

[[package]]
name = "dtoa"
version = "0.4.2"
source = "registry+https://github.com/rust-lang/crates.io-index"
checksum = "09c3753c3db574d215cba4ea76018483895d7bff25a31b49ba45db21c48e50ab"

[[package]]
name = "fuchsia-zircon"
version = "0.3.3"
source = "registry+https://github.com/rust-lang/crates.io-index"
checksum = "2e9763c69ebaae630ba35f74888db465e49e259ba1bc0eda7d06f4a067615d82"
dependencies = [
 "bitflags",
 "fuchsia-zircon-sys",
]

[[package]]
name = "fuchsia-zircon-sys"
version = "0.3.3"
source = "registry+https://github.com/rust-lang/crates.io-index"
checksum = "3dcaa9ae7725d12cdb85b3ad99a434db70b468c09ded17e012d86b5c1010f7a7"

[[package]]
name = "futures"
version = "0.1.18"
source = "registry+https://github.com/rust-lang/crates.io-index"
checksum = "0bab5b5e94f5c31fc764ba5dd9ad16568aae5d4825538c01d6bca680c9bf94a7"

[[package]]
name = "futures-cpupool"
version = "0.1.8"
source = "registry+https://github.com/rust-lang/crates.io-index"
checksum = "ab90cde24b3319636588d0c35fe03b1333857621051837ed769faefb4c2162e4"
dependencies = [
 "futures",
 "num_cpus",
]

[[package]]
name = "httparse"
version = "1.2.4"
source = "registry+https://github.com/rust-lang/crates.io-index"
checksum = "c2f407128745b78abc95c0ffbe4e5d37427fdc0d45470710cfef8c44522a2e37"

[[package]]
name = "hyper"
version = "0.11.19"
source = "registry+https://github.com/rust-lang/crates.io-index"
checksum = "47659bb1cb7ef3cd7b4f9bd2a11349b8d92097d34f9597a3c09e9bcefaf92b61"
dependencies = [
 "base64",
 "bytes",
 "futures",
 "futures-cpupool",
 "httparse",
 "iovec",
 "language-tags",
 "log 0.4.1",
 "mime",
 "percent-encoding",
 "relay",
 "time",
 "tokio-core",
 "tokio-io",
 "tokio-proto",
 "tokio-service",
 "unicase",
]

[[package]]
name = "iovec"
version = "0.1.2"
source = "registry+https://github.com/rust-lang/crates.io-index"
checksum = "dbe6e417e7d0975db6512b90796e8ce223145ac4e33c377e4a42882a0e88bb08"
dependencies = [
 "libc",
 "winapi 0.2.8",
]

[[package]]
name = "isatty"
version = "0.1.6"
source = "registry+https://github.com/rust-lang/crates.io-index"
checksum = "8f2a233726c7bb76995cec749d59582e5664823b7245d4970354408f1d79a7a2"
dependencies = [
 "kernel32-sys",
 "libc",
 "termion",
 "winapi 0.2.8",
]

[[package]]
name = "itoa"
version = "0.3.4"
source = "registry+https://github.com/rust-lang/crates.io-index"
checksum = "8324a32baf01e2ae060e9de58ed0bc2320c9a2833491ee36cd3b4c414de4db8c"

[[package]]
name = "kernel32-sys"
version = "0.2.2"
source = "registry+https://github.com/rust-lang/crates.io-index"
checksum = "7507624b29483431c0ba2d82aece8ca6cdba9382bff4ddd0f7490560c056098d"
dependencies = [
 "winapi 0.2.8",
 "winapi-build",
]

[[package]]
name = "language-tags"
version = "0.2.2"
source = "registry+https://github.com/rust-lang/crates.io-index"
checksum = "a91d884b6667cd606bb5a69aa0c99ba811a115fc68915e7056ec08a46e93199a"

[[package]]
name = "lazy_static"
version = "1.4.0"
source = "registry+https://github.com/rust-lang/crates.io-index"
checksum = "e2abad23fbc42b3700f2f279844dc832adb2b2eb069b2df918f455c4e18cc646"

[[package]]
name = "lazycell"
version = "0.6.0"
source = "registry+https://github.com/rust-lang/crates.io-index"
checksum = "a6f08839bc70ef4a3fe1d566d5350f519c5912ea86be0df1740a7d247c7fc0ef"

[[package]]
name = "libc"
version = "0.2.36"
source = "registry+https://github.com/rust-lang/crates.io-index"
checksum = "1e5d97d6708edaa407429faa671b942dc0f2727222fb6b6539bf1db936e4b121"

[[package]]
name = "log"
version = "0.3.9"
source = "registry+https://github.com/rust-lang/crates.io-index"
checksum = "e19e8d5c34a3e0e2223db8e060f9e8264aeeb5c5fc64a4ee9965c062211c024b"
dependencies = [
 "log 0.4.1",
]

[[package]]
name = "log"
version = "0.4.1"
source = "registry+https://github.com/rust-lang/crates.io-index"
checksum = "89f010e843f2b1a31dbd316b3b8d443758bc634bed37aabade59c686d644e0a2"
dependencies = [
 "cfg-if",
]

[[package]]
name = "mime"
version = "0.3.5"
source = "registry+https://github.com/rust-lang/crates.io-index"
checksum = "e2e00e17be181010a91dbfefb01660b17311059dc8c7f48b9017677721e732bd"
dependencies = [
 "unicase",
]

[[package]]
name = "mio"
version = "0.6.13"
source = "registry+https://github.com/rust-lang/crates.io-index"
checksum = "7da01a5e23070d92d99b1ecd1cd0af36447c6fd44b0fe283c2db199fa136724f"
dependencies = [
 "fuchsia-zircon",
 "fuchsia-zircon-sys",
 "iovec",
 "kernel32-sys",
 "lazycell",
 "libc",
 "log 0.3.9",
 "miow",
 "net2",
 "slab 0.3.0",
 "winapi 0.2.8",
]

[[package]]
name = "miow"
version = "0.2.1"
source = "registry+https://github.com/rust-lang/crates.io-index"
checksum = "8c1f2f3b1cf331de6896aabf6e9d55dca90356cc9960cca7eaaf408a355ae919"
dependencies = [
 "kernel32-sys",
 "net2",
 "winapi 0.2.8",
 "ws2_32-sys",
]

[[package]]
name = "net2"
version = "0.2.31"
source = "registry+https://github.com/rust-lang/crates.io-index"
checksum = "3a80f842784ef6c9a958b68b7516bc7e35883c614004dd94959a4dca1b716c09"
dependencies = [
 "cfg-if",
 "kernel32-sys",
 "libc",
 "winapi 0.2.8",
 "ws2_32-sys",
]

[[package]]
name = "num"
version = "0.1.42"
source = "registry+https://github.com/rust-lang/crates.io-index"
checksum = "4703ad64153382334aa8db57c637364c322d3372e097840c72000dabdcf6156e"
dependencies = [
 "num-integer",
 "num-iter",
 "num-traits 0.2.0",
]

[[package]]
name = "num-integer"
version = "0.1.36"
source = "registry+https://github.com/rust-lang/crates.io-index"
checksum = "f8d26da319fb45674985c78f1d1caf99aa4941f785d384a2ae36d0740bc3e2fe"
dependencies = [
 "num-traits 0.2.0",
]

[[package]]
name = "num-iter"
version = "0.1.35"
source = "registry+https://github.com/rust-lang/crates.io-index"
checksum = "4b226df12c5a59b63569dd57fafb926d91b385dfce33d8074a412411b689d593"
dependencies = [
 "num-integer",
 "num-traits 0.2.0",
]

[[package]]
name = "num-traits"
version = "0.1.43"
source = "registry+https://github.com/rust-lang/crates.io-index"
checksum = "92e5113e9fd4cc14ded8e499429f396a20f98c772a47cc8622a736e1ec843c31"
dependencies = [
 "num-traits 0.2.0",
]

[[package]]
name = "num-traits"
version = "0.2.0"
source = "registry+https://github.com/rust-lang/crates.io-index"
checksum = "e7de20f146db9d920c45ee8ed8f71681fd9ade71909b48c3acbd766aa504cf10"

[[package]]
name = "num_cpus"
version = "1.8.0"
source = "registry+https://github.com/rust-lang/crates.io-index"
checksum = "c51a3322e4bca9d212ad9a158a02abc6934d005490c054a2778df73a70aa0a30"
dependencies = [
 "libc",
]

[[package]]
name = "percent-encoding"
version = "1.0.1"
source = "registry+https://github.com/rust-lang/crates.io-index"
checksum = "31010dd2e1ac33d5b46a5b413495239882813e0369f8ed8a5e266f173602f831"

[[package]]
name = "quote"
version = "0.3.15"
source = "registry+https://github.com/rust-lang/crates.io-index"
checksum = "7a6e920b65c65f10b2ae65c831a81a073a89edd28c7cce89475bff467ab4167a"

[[package]]
name = "rand"
version = "0.3.22"
source = "registry+https://github.com/rust-lang/crates.io-index"
checksum = "15a732abf9d20f0ad8eeb6f909bf6868722d9a06e1e50802b6a70351f40b4eb1"
dependencies = [
 "fuchsia-zircon",
 "libc",
 "rand 0.4.2",
]

[[package]]
name = "rand"
version = "0.4.2"
source = "registry+https://github.com/rust-lang/crates.io-index"
checksum = "eba5f8cb59cc50ed56be8880a5c7b496bfd9bd26394e176bc67884094145c2c5"
dependencies = [
 "fuchsia-zircon",
 "libc",
 "winapi 0.3.4",
]

[[package]]
name = "redox_syscall"
version = "0.1.37"
source = "registry+https://github.com/rust-lang/crates.io-index"
checksum = "0d92eecebad22b767915e4d529f89f28ee96dbbf5a4810d2b844373f136417fd"

[[package]]
name = "redox_termios"
version = "0.1.1"
source = "registry+https://github.com/rust-lang/crates.io-index"
checksum = "7e891cfe48e9100a70a3b6eb652fef28920c117d366339687bd5576160db0f76"
dependencies = [
 "redox_syscall",
]

[[package]]
name = "relay"
version = "0.1.1"
source = "registry+https://github.com/rust-lang/crates.io-index"
checksum = "1576e382688d7e9deecea24417e350d3062d97e32e45d70b1cde65994ff1489a"
dependencies = [
 "futures",
]

[[package]]
name = "safemem"
version = "0.2.0"
source = "registry+https://github.com/rust-lang/crates.io-index"
checksum = "e27a8b19b835f7aea908818e871f5cc3a5a186550c30773be987e155e8163d8f"

[[package]]
name = "scoped-tls"
version = "0.1.0"
source = "registry+https://github.com/rust-lang/crates.io-index"
checksum = "f417c22df063e9450888a7561788e9bd46d3bb3c1466435b4eccb903807f147d"

[[package]]
name = "serde"
version = "1.0.27"
source = "registry+https://github.com/rust-lang/crates.io-index"
checksum = "db99f3919e20faa51bb2996057f5031d8685019b5a06139b1ce761da671b8526"

[[package]]
name = "serde_derive"
version = "1.0.27"
source = "registry+https://github.com/rust-lang/crates.io-index"
checksum = "f4ba7591cfe93755e89eeecdbcc668885624829b020050e6aec99c2a03bd3fd0"
dependencies = [
 "quote",
 "serde_derive_internals",
 "syn",
]

[[package]]
name = "serde_derive_internals"
version = "0.19.0"
source = "registry+https://github.com/rust-lang/crates.io-index"
checksum = "6e03f1c9530c3fb0a0a5c9b826bdd9246a5921ae995d75f512ac917fc4dd55b5"
dependencies = [
 "syn",
 "synom",
]

[[package]]
name = "serde_json"
version = "1.0.9"
source = "registry+https://github.com/rust-lang/crates.io-index"
checksum = "c9db7266c7d63a4c4b7fe8719656ccdd51acf1bed6124b174f933b009fb10bcb"
dependencies = [
 "dtoa",
 "itoa",
 "num-traits 0.1.43",
 "serde",
]

[[package]]
name = "slab"
version = "0.3.0"
source = "registry+https://github.com/rust-lang/crates.io-index"
checksum = "17b4fcaed89ab08ef143da37bc52adbcc04d4a69014f4c1208d6b51f0c47bc23"

[[package]]
name = "slab"
version = "0.4.0"
source = "registry+https://github.com/rust-lang/crates.io-index"
checksum = "fdeff4cd9ecff59ec7e3744cbca73dfe5ac35c2aedb2cfba8a1c715a18912e9d"

[[package]]
name = "slog"
version = "2.1.1"
source = "registry+https://github.com/rust-lang/crates.io-index"
checksum = "0a6b13b17f4225771f7f15cece704a4e68d3a5f31278ed26367f497133398a18"

[[package]]
name = "slog-async"
version = "2.2.0"
source = "registry+https://github.com/rust-lang/crates.io-index"
checksum = "5e319a30c08b004618d5f7ca2f2b1dad7b4623ba7fcb1a12846fc3b01e9eaa10"
dependencies = [
 "slog",
 "take_mut",
 "thread_local",
]

[[package]]
name = "slog-term"
version = "2.3.0"
source = "registry+https://github.com/rust-lang/crates.io-index"
checksum = "5bb5d9360b2b279b326824b3b4ca2402ead8a8138f0e5ec1900605c861bb6671"
dependencies = [
 "chrono",
 "isatty",
 "slog",
 "term",
 "thread_local",
]

[[package]]
name = "smallvec"
version = "0.2.1"
source = "registry+https://github.com/rust-lang/crates.io-index"
checksum = "4c8cbcd6df1e117c2210e13ab5109635ad68a929fcbb8964dc965b76cb5ee013"

[[package]]
name = "syn"
version = "0.11.11"
source = "registry+https://github.com/rust-lang/crates.io-index"
checksum = "d3b891b9015c88c576343b9b3e41c2c11a51c219ef067b264bd9c8aa9b441dad"
dependencies = [
 "quote",
 "synom",
 "unicode-xid",
]

[[package]]
name = "synom"
version = "0.11.3"
source = "registry+https://github.com/rust-lang/crates.io-index"
checksum = "a393066ed9010ebaed60b9eafa373d4b1baac186dd7e008555b0f702b51945b6"
dependencies = [
 "unicode-xid",
]

[[package]]
name = "take"
version = "0.1.0"
source = "registry+https://github.com/rust-lang/crates.io-index"
checksum = "b157868d8ac1f56b64604539990685fa7611d8fa9e5476cf0c02cf34d32917c5"

[[package]]
name = "take_mut"
version = "0.2.0"
source = "registry+https://github.com/rust-lang/crates.io-index"
checksum = "50b910a1174df4aeb5738e8a0e7253883cf7801de40d094175a5a557e487f4c5"

[[package]]
name = "term"
version = "0.4.6"
source = "registry+https://github.com/rust-lang/crates.io-index"
checksum = "fa63644f74ce96fbeb9b794f66aff2a52d601cbd5e80f4b97123e3899f4570f1"
dependencies = [
 "kernel32-sys",
 "winapi 0.2.8",
]

[[package]]
name = "termion"
version = "1.5.1"
source = "registry+https://github.com/rust-lang/crates.io-index"
checksum = "689a3bdfaab439fd92bc87df5c4c78417d3cbe537487274e9b0b2dce76e92096"
dependencies = [
 "libc",
 "redox_syscall",
 "redox_termios",
]

[[package]]
name = "thread_local"
version = "0.3.5"
source = "registry+https://github.com/rust-lang/crates.io-index"
checksum = "279ef31c19ededf577bfd12dfae728040a21f635b06a24cd670ff510edd38963"
dependencies = [
 "lazy_static",
 "unreachable",
]

[[package]]
name = "time"
version = "0.1.39"
source = "registry+https://github.com/rust-lang/crates.io-index"
checksum = "a15375f1df02096fb3317256ce2cee6a1f42fc84ea5ad5fc8c421cfe40c73098"
dependencies = [
 "libc",
 "redox_syscall",
 "winapi 0.3.4",
]

[[package]]
name = "tokio-core"
version = "0.1.12"
source = "registry+https://github.com/rust-lang/crates.io-index"
checksum = "52b4e32d8edbf29501aabb3570f027c6ceb00ccef6538f4bddba0200503e74e8"
dependencies = [
 "bytes",
 "futures",
 "iovec",
 "log 0.4.1",
 "mio",
 "scoped-tls",
 "slab 0.4.0",
 "tokio-io",
]

[[package]]
name = "tokio-io"
version = "0.1.5"
source = "registry+https://github.com/rust-lang/crates.io-index"
checksum = "b9532748772222bf70297ec0e2ad0f17213b4a7dd0e6afb68e0a0768f69f4e4f"
dependencies = [
 "bytes",
 "futures",
 "log 0.4.1",
]

[[package]]
name = "tokio-proto"
version = "0.1.1"
source = "registry+https://github.com/rust-lang/crates.io-index"
checksum = "8fbb47ae81353c63c487030659494b295f6cb6576242f907f203473b191b0389"
dependencies = [
 "futures",
 "log 0.3.9",
 "net2",
 "rand 0.3.22",
 "slab 0.3.0",
 "smallvec",
 "take",
 "tokio-core",
 "tokio-io",
 "tokio-service",
]

[[package]]
name = "tokio-service"
version = "0.1.0"
source = "registry+https://github.com/rust-lang/crates.io-index"
checksum = "24da22d077e0f15f55162bdbdc661228c1581892f52074fb242678d015b45162"
dependencies = [
 "futures",
]

[[package]]
name = "unicase"
version = "2.1.0"
source = "registry+https://github.com/rust-lang/crates.io-index"
checksum = "284b6d3db520d67fbe88fd778c21510d1b0ba4a551e5d0fbb023d33405f6de8a"
dependencies = [
 "version_check",
]

[[package]]
name = "unicode-xid"
version = "0.0.4"
source = "registry+https://github.com/rust-lang/crates.io-index"
checksum = "8c1f860d7d29cf02cb2f3f359fd35991af3d30bac52c57d265a3c461074cb4dc"

[[package]]
name = "unreachable"
version = "1.0.0"
source = "registry+https://github.com/rust-lang/crates.io-index"
checksum = "382810877fe448991dfc7f0dd6e3ae5d58088fd0ea5e35189655f84e6814fa56"
dependencies = [
 "void",
]

[[package]]
name = "version_check"
version = "0.1.3"
source = "registry+https://github.com/rust-lang/crates.io-index"
checksum = "6b772017e347561807c1aa192438c5fd74242a670a6cffacc40f2defd1dc069d"

[[package]]
name = "void"
version = "1.0.2"
source = "registry+https://github.com/rust-lang/crates.io-index"
checksum = "6a02e4885ed3bc0f2de90ea6dd45ebcbb66dacffe03547fadbb0eeae2770887d"

[[package]]
name = "weldmock"
version = "0.0.1-alpha.5"
dependencies = [
 "bytes",
 "futures",
 "futures-cpupool",
 "hyper",
 "lazy_static",
 "rand 0.4.2",
 "serde",
 "serde_derive",
 "serde_json",
 "slog",
 "slog-async",
 "slog-term",
 "time",
]

[[package]]
name = "winapi"
version = "0.2.8"
source = "registry+https://github.com/rust-lang/crates.io-index"
checksum = "167dc9d6949a9b857f3451275e911c3f44255842c1f7a76f33c55103a909087a"

[[package]]
name = "winapi"
version = "0.3.4"
source = "registry+https://github.com/rust-lang/crates.io-index"
checksum = "04e3bd221fcbe8a271359c04f21a76db7d0c6028862d1bb5512d85e1e2eb5bb3"
dependencies = [
 "winapi-i686-pc-windows-gnu",
 "winapi-x86_64-pc-windows-gnu",
]

[[package]]
name = "winapi-build"
version = "0.1.1"
source = "registry+https://github.com/rust-lang/crates.io-index"
checksum = "2d315eee3b34aca4797b2da6b13ed88266e6d612562a0c46390af8299fc699bc"

[[package]]
name = "winapi-i686-pc-windows-gnu"
version = "0.4.0"
source = "registry+https://github.com/rust-lang/crates.io-index"
checksum = "ac3b87c63620426dd9b991e5ce0329eff545bccbbb34f3be09ff6fb6ab51b7b6"

[[package]]
name = "winapi-x86_64-pc-windows-gnu"
version = "0.4.0"
source = "registry+https://github.com/rust-lang/crates.io-index"
checksum = "712e227841d057c1ee1cd2fb22fa7e5a5461ae8e48fa2ca79ec42cfc1931183f"

[[package]]
name = "ws2_32-sys"
version = "0.2.1"
source = "registry+https://github.com/rust-lang/crates.io-index"
checksum = "d59cefebd0c892fa2dd6de581e937301d8552cb44489cdff035c6187cb63fa5e"
dependencies = [
 "winapi 0.2.8",
 "winapi-build",
]
